
Microsoft Visual Studio Solution File, Format Version 12.00
# Visual Studio Version 16
VisualStudioVersion = 25.0.1704.3
MinimumVisualStudioVersion = 10.0.40219.1
Project("{FAE04EC0-301F-11D3-BF4B-00C04F79EFBC}") = "Song Project", "Song\Song Project.csproj", "{ED79C375-0115-4C71-9560-BAC0DE04F316}"
EndProject
Global
	GlobalSection(SolutionConfigurationPlatforms) = preSolution
		Debug|Any CPU = Debug|Any CPU
		Release|Any CPU = Release|Any CPU
	EndGlobalSection
	GlobalSection(ProjectConfigurationPlatforms) = postSolution
		{ED79C375-0115-4C71-9560-BAC0DE04F316}.Debug|Any CPU.ActiveCfg = Debug|Any CPU
		{ED79C375-0115-4C71-9560-BAC0DE04F316}.Debug|Any CPU.Build.0 = Debug|Any CPU
		{ED79C375-0115-4C71-9560-BAC0DE04F316}.Release|Any CPU.ActiveCfg = Release|Any CPU
		{ED79C375-0115-4C71-9560-BAC0DE04F316}.Release|Any CPU.Build.0 = Release|Any CPU
	EndGlobalSection
	GlobalSection(SolutionProperties) = preSolution
		HideSolutionNode = FALSE
	EndGlobalSection
	GlobalSection(ExtensibilityGlobals) = postSolution
		SolutionGuid = {2310E09C-2613-4769-BFE2-D02F17A716EC}
	EndGlobalSection
EndGlobal
